Microsoft Visual Studio Solution File, Format Version 12.00
# Visual Studio Version 17
VisualStudioVersion = 17.5.2.0
MinimumVisualStudioVersion = 10.0.40219.1
Project("{FAE04EC0-301F-11D3-BF4B-00C04F79EFBC}") = "EComm.App", "EComm.App\EComm.App.csproj", "{5F277E10-5981-618A-EB84-FEC0214A65B7}"
EndProject
Project("{FAE04EC0-301F-11D3-BF4B-00C04F79EFBC}") = "EComm.Tests", "EComm.Tests\EComm.Tests.csproj", "{806DA654-BA5E-83A7-1E3C-5DEFFA4DDF93}"
EndProject
Global
	GlobalSection(SolutionConfigurationPlatforms) = preSolution
		Debug|Any CPU = Debug|Any CPU
		Release|Any CPU = Release|Any CPU
	EndGlobalSection
	GlobalSection(ProjectConfigurationPlatforms) = postSolution
		{5F277E10-5981-618A-EB84-FEC0214A65B7}.Debug|Any CPU.ActiveCfg = Debug|Any CPU
		{5F277E10-5981-618A-EB84-FEC0214A65B7}.Debug|Any CPU.Build.0 = Debug|Any CPU
		{5F277E10-5981-618A-EB84-FEC0214A65B7}.Release|Any CPU.ActiveCfg = Release|Any CPU
		{5F277E10-5981-618A-EB84-FEC0214A65B7}.Release|Any CPU.Build.0 = Release|Any CPU
		{806DA654-BA5E-83A7-1E3C-5DEFFA4DDF93}.Debug|Any CPU.ActiveCfg = Debug|Any CPU
		{806DA654-BA5E-83A7-1E3C-5DEFFA4DDF93}.Debug|Any CPU.Build.0 = Debug|Any CPU
		{806DA654-BA5E-83A7-1E3C-5DEFFA4DDF93}.Release|Any CPU.ActiveCfg = Release|Any CPU
		{806DA654-BA5E-83A7-1E3C-5DEFFA4DDF93}.Release|Any CPU.Build.0 = Release|Any CPU
	EndGlobalSection
	GlobalSection(SolutionProperties) = preSolution
		HideSolutionNode = FALSE
	EndGlobalSection
	GlobalSection(ExtensibilityGlobals) = postSolution
		SolutionGuid = {02C9181B-10D1-4436-BD13-0B688532C539}
	EndGlobalSection
EndGlobal
