
Microsoft Visual Studio Solution File, Format Version 12.00
# Visual Studio Version 17
VisualStudioVersion = 17.0.31903.59
MinimumVisualStudioVersion = 10.0.40219.1
Project("{FAE04EC0-301F-11D3-BF4B-00C04F79EFBC}") = "EComm", "EComm.csproj", "{6B813A88-ED44-42D9-8889-68F8D60D3438}"
EndProject
Global
	GlobalSection(SolutionConfigurationPlatforms) = preSolution
		Debug|Any CPU = Debug|Any CPU
		Release|Any CPU = Release|Any CPU
	EndGlobalSection
	GlobalSection(SolutionProperties) = preSolution
		HideSolutionNode = FALSE
	EndGlobalSection
	GlobalSection(ProjectConfigurationPlatforms) = postSolution
		{6B813A88-ED44-42D9-8889-68F8D60D3438}.Debug|Any CPU.ActiveCfg = Debug|Any CPU
		{6B813A88-ED44-42D9-8889-68F8D60D3438}.Debug|Any CPU.Build.0 = Debug|Any CPU
		{6B813A88-ED44-42D9-8889-68F8D60D3438}.Release|Any CPU.ActiveCfg = Release|Any CPU
		{6B813A88-ED44-42D9-8889-68F8D60D3438}.Release|Any CPU.Build.0 = Release|Any CPU
	EndGlobalSection
EndGlobal
